
Microsoft Visual Studio Solution File, Format Version 12.00
# Visual Studio Version 17
VisualStudioVersion = 17.2.32526.322
MinimumVisualStudioVersion = 10.0.40219.1
Project("{9A19103F-16F7-4668-BE54-9A1E7A4F7556}") = "EldenBingo", "EldenBingo\EldenBingo.csproj", "{F87548CB-0BFD-4E46-B6F6-0A80AE958437}"
EndProject
Project("{9A19103F-16F7-4668-BE54-9A1E7A4F7556}") = "EldenBingoServer", "EldenBingoServer\EldenBingoServer.csproj", "{82C6E896-54C8-46C8-B0CE-FF949E59D893}"
EndProject
Project("{9A19103F-16F7-4668-BE54-9A1E7A4F7556}") = "EldenBingoCommon", "EldenBingoCommon\EldenBingoCommon.csproj", "{FF8B4A51-E3EE-4FA4-9C5F-50730F989D9D}"
EndProject
Project("{9A19103F-16F7-4668-BE54-9A1E7A4F7556}") = "EldenBingoServerStandalone", "EldenBingoServerStandalone\EldenBingoServerStandalone.csproj", "{A19746B6-B22C-4EC5-9C9A-EFF8EFE489ED}"
EndProject
Project("{9A19103F-16F7-4668-BE54-9A1E7A4F7556}") = "Neto", "Neto\Neto.csproj", "{3EE2FFF2-52F6-4A37-8E44-FAC1C863ADD0}"
EndProject
Project("{9A19103F-16F7-4668-BE54-9A1E7A4F7556}") = "InteractiveReadLine", "InteractiveReadLine\InteractiveReadLine.csproj", "{6498516F-CDC0-4D7D-A922-C84AAC78F7AA}"
EndProject
Global
	GlobalSection(SolutionConfigurationPlatforms) = preSolution
		Debug|Any CPU = Debug|Any CPU
		Release|Any CPU = Release|Any CPU
	EndGlobalSection
	GlobalSection(ProjectConfigurationPlatforms) = postSolution
		{F87548CB-0BFD-4E46-B6F6-0A80AE958437}.Debug|Any CPU.ActiveCfg = Debug|Any CPU
		{F87548CB-0BFD-4E46-B6F6-0A80AE958437}.Debug|Any CPU.Build.0 = Debug|Any CPU
		{F87548CB-0BFD-4E46-B6F6-0A80AE958437}.Release|Any CPU.ActiveCfg = Release|Any CPU
		{F87548CB-0BFD-4E46-B6F6-0A80AE958437}.Release|Any CPU.Build.0 = Release|Any CPU
		{82C6E896-54C8-46C8-B0CE-FF949E59D893}.Debug|Any CPU.ActiveCfg = Debug|Any CPU
		{82C6E896-54C8-46C8-B0CE-FF949E59D893}.Debug|Any CPU.Build.0 = Debug|Any CPU
		{82C6E896-54C8-46C8-B0CE-FF949E59D893}.Release|Any CPU.ActiveCfg = Release|Any CPU
		{82C6E896-54C8-46C8-B0CE-FF949E59D893}.Release|Any CPU.Build.0 = Release|Any CPU
		{FF8B4A51-E3EE-4FA4-9C5F-50730F989D9D}.Debug|Any CPU.ActiveCfg = Debug|Any CPU
		{FF8B4A51-E3EE-4FA4-9C5F-50730F989D9D}.Debug|Any CPU.Build.0 = Debug|Any CPU
		{FF8B4A51-E3EE-4FA4-9C5F-50730F989D9D}.Release|Any CPU.ActiveCfg = Release|Any CPU
		{FF8B4A51-E3EE-4FA4-9C5F-50730F989D9D}.Release|Any CPU.Build.0 = Release|Any CPU
		{A19746B6-B22C-4EC5-9C9A-EFF8EFE489ED}.Debug|Any CPU.ActiveCfg = Debug|Any CPU
		{A19746B6-B22C-4EC5-9C9A-EFF8EFE489ED}.Debug|Any CPU.Build.0 = Debug|Any CPU
		{A19746B6-B22C-4EC5-9C9A-EFF8EFE489ED}.Release|Any CPU.ActiveCfg = Release|Any CPU
		{A19746B6-B22C-4EC5-9C9A-EFF8EFE489ED}.Release|Any CPU.Build.0 = Release|Any CPU
		{3EE2FFF2-52F6-4A37-8E44-FAC1C863ADD0}.Debug|Any CPU.ActiveCfg = Debug|Any CPU
		{3EE2FFF2-52F6-4A37-8E44-FAC1C863ADD0}.Debug|Any CPU.Build.0 = Debug|Any CPU
		{3EE2FFF2-52F6-4A37-8E44-FAC1C863ADD0}.Release|Any CPU.ActiveCfg = Release|Any CPU
		{3EE2FFF2-52F6-4A37-8E44-FAC1C863ADD0}.Release|Any CPU.Build.0 = Release|Any CPU
		{6498516F-CDC0-4D7D-A922-C84AAC78F7AA}.Debug|Any CPU.ActiveCfg = Debug|Any CPU
		{6498516F-CDC0-4D7D-A922-C84AAC78F7AA}.Debug|Any CPU.Build.0 = Debug|Any CPU
		{6498516F-CDC0-4D7D-A922-C84AAC78F7AA}.Release|Any CPU.ActiveCfg = Release|Any CPU
		{6498516F-CDC0-4D7D-A922-C84AAC78F7AA}.Release|Any CPU.Build.0 = Release|Any CPU
	EndGlobalSection
	GlobalSection(SolutionProperties) = preSolution
		HideSolutionNode = FALSE
	EndGlobalSection
	GlobalSection(ExtensibilityGlobals) = postSolution
		SolutionGuid = {075D61F7-EF63-44FD-AC92-D9EC3A63C2A4}
	EndGlobalSection
EndGlobal
